// !$*UTF8*$!
{
	archiveVersion = 1;
	classes = {
	};
	objectVersion = 46;
	objects = {

/* Begin PBXBuildFile section */
		C301B5FE1C3D9A1E0020609A /* AppDelegate.swift in Sources */ = {isa = PBXBuildFile; fileRef = C301B5FD1C3D9A1E0020609A /* AppDelegate.swift */; };
		C301B6001C3D9A1E0020609A /* ViewController.swift in Sources */ = {isa = PBXBuildFile; fileRef = C301B5FF1C3D9A1E0020609A /* ViewController.swift */; };
		C301B6031C3D9A1E0020609A /* Main.storyboard in Resources */ = {isa = PBXBuildFile; fileRef = C301B6011C3D9A1E0020609A /* Main.storyboard */; };
		C301B6051C3D9A1E0020609A /* Assets.xcassets in Resources */ = {isa = PBXBuildFile; fileRef = C301B6041C3D9A1E0020609A /* Assets.xcassets */; };
		C301B6081C3D9A1E0020609A /* LaunchScreen.storyboard in Resources */ = {isa = PBXBuildFile; fileRef = C301B6061C3D9A1E0020609A /* LaunchScreen.storyboard */; };
		C301B6131C3D9A1E0020609A /* AboutMeTests.swift in Sources */ = {isa = PBXBuildFile; fileRef = C301B6121C3D9A1E0020609A /* AboutMeTests.swift */; };
		C301B6201C3D9EE90020609A /* FoodViewController.swift in Sources */ = {isa = PBXBuildFile; fileRef = C301B61F1C3D9EE90020609A /* FoodViewController.swift */; };
		C301B6221C3D9F220020609A /* AnimeViewController.swift in Sources */ = {isa = PBXBuildFile; fileRef = C301B6211C3D9F220020609A /* AnimeViewController.swift */; };
		C301B6241C3D9F480020609A /* CardGamesViewConrtroller.swift in Sources */ = {isa = PBXBuildFile; fileRef = C301B6231C3D9F480020609A /* CardGamesViewConrtroller.swift */; };
		C301B6261C3D9FA60020609A /* VideoGamesViewController.swift in Sources */ = {isa = PBXBuildFile; fileRef = C301B6251C3D9FA60020609A /* VideoGamesViewController.swift */; };
		C301B6281C3D9FE70020609A /* ChoirViewController.swift in Sources */ = {isa = PBXBuildFile; fileRef = C301B6271C3D9FE70020609A /* ChoirViewController.swift */; };
/* End PBXBuildFile section */

/* Begin PBXContainerItemProxy section */
		C301B60F1C3D9A1E0020609A /* PBXContainerItemProxy */ = {
			isa = PBXContainerItemProxy;
			containerPortal = C301B5F21C3D9A1E0020609A /* Project object */;
			proxyType = 1;
			remoteGlobalIDString = C301B5F91C3D9A1E0020609A;
			remoteInfo = AboutMe;
		};
/* End PBXContainerItemProxy section */

/* Begin PBXFileReference section */
		C301B5FA1C3D9A1E0020609A /* AboutMe.app */ = {isa = PBXFileReference; explicitFileType = wrapper.application; includeInIndex = 0; path = AboutMe.app; sourceTree = BUILT_PRODUCTS_DIR; };
		C301B5FD1C3D9A1E0020609A /* AppDelegate.swift */ = {isa = PBXFileReference; lastKnownFileType = sourcecode.swift; path = AppDelegate.swift; sourceTree = "<group>"; };
		C301B5FF1C3D9A1E0020609A /* ViewController.swift */ = {isa = PBXFileReference; lastKnownFileType = sourcecode.swift; path = ViewController.swift; sourceTree = "<group>"; };
		C301B6021C3D9A1E0020609A /* Base */ = {isa = PBXFileReference; lastKnownFileType = file.storyboard; name = Base; path = Base.lproj/Main.storyboard; sourceTree = "<group>"; };
		C301B6041C3D9A1E0020609A /* Assets.xcassets */ = {isa = PBXFileReference; lastKnownFileType = folder.assetcatalog; path = Assets.xcassets; sourceTree = "<group>"; };
		C301B6071C3D9A1E0020609A /* Base */ = {isa = PBXFileReference; lastKnownFileType = file.storyboard; name = Base; path = Base.lproj/LaunchScreen.storyboard; sourceTree = "<group>"; };
		C301B6091C3D9A1E0020609A /* Info.plist */ = {isa = PBXFileReference; lastKnownFileType = text.plist.xml; path = Info.plist; sourceTree = "<group>"; };
		C301B60E1C3D9A1E0020609A /* AboutMeTests.xctest */ = {isa = PBXFileReference; explicitFileType = wrapper.cfbundle; includeInIndex = 0; path = AboutMeTests.xctest; sourceTree = BUILT_PRODUCTS_DIR; };
		C301B6121C3D9A1E0020609A /* AboutMeTests.swift */ = {isa = PBXFileReference; lastKnownFileType = sourcecode.swift; path = AboutMeTests.swift; sourceTree = "<group>"; };
		C301B6141C3D9A1E0020609A /* Info.plist */ = {isa = PBXFileReference; lastKnownFileType = text.plist.xml; path = Info.plist; sourceTree = "<group>"; };
		C301B61F1C3D9EE90020609A /* FoodViewController.swift */ = {isa = PBXFileReference; fileEncoding = 4; lastKnownFileType = sourcecode.swift; path = FoodViewController.swift; sourceTree = "<group>"; };
		C301B6211C3D9F220020609A /* AnimeViewController.swift */ = {isa = PBXFileReference; fileEncoding = 4; lastKnownFileType = sourcecode.swift; path = AnimeViewController.swift; sourceTree = "<group>"; };
		C301B6231C3D9F480020609A /* CardGamesViewConrtroller.swift */ = {isa = PBXFileReference; fileEncoding = 4; lastKnownFileType = sourcecode.swift; path = CardGamesViewConrtroller.swift; sourceTree = "<group>"; };
		C301B6251C3D9FA60020609A /* VideoGamesViewController.swift */ = {isa = PBXFileReference; fileEncoding = 4; lastKnownFileType = sourcecode.swift; path = VideoGamesViewController.swift; sourceTree = "<group>"; };
		C301B6271C3D9FE70020609A /* ChoirViewController.swift */ = {isa = PBXFileReference; fileEncoding = 4; lastKnownFileType = sourcecode.swift; path = ChoirViewController.swift; sourceTree = "<group>"; };
/* End PBXFileReference section */

/* Begin PBXFrameworksBuildPhase section */
		C301B5F71C3D9A1E0020609A /* Frameworks */ = {
			isa = PBXFrameworksBuildPhase;
			buildActionMask = 2147483647;
			files = (
			);
			runOnlyForDeploymentPostprocessing = 0;
		};
		C301B60B1C3D9A1E0020609A /* Frameworks */ = {
			isa = PBXFrameworksBuildPhase;
			buildActionMask = 2147483647;
			files = (
			);
			runOnlyForDeploymentPostprocessing = 0;
		};
/* End PBXFrameworksBuildPhase section */

/* Begin PBXGroup section */
		C301B5F11C3D9A1E0020609A = {
			isa = PBXGroup;
			children = (
				C301B5FC1C3D9A1E0020609A /* AboutMe */,
				C301B6111C3D9A1E0020609A /* AboutMeTests */,
				C301B5FB1C3D9A1E0020609A /* Products */,
			);
			sourceTree = "<group>";
		};
		C301B5FB1C3D9A1E0020609A /* Products */ = {
			isa = PBXGroup;
			children = (
				C301B5FA1C3D9A1E0020609A /* AboutMe.app */,
				C301B60E1C3D9A1E0020609A /* AboutMeTests.xctest */,
			);
			name = Products;
			sourceTree = "<group>";
		};
		C301B5FC1C3D9A1E0020609A /* AboutMe */ = {
			isa = PBXGroup;
			children = (
				C301B61E1C3D9B640020609A /* View */,
				C301B61D1C3D9B420020609A /* Controller */,
				C301B6061C3D9A1E0020609A /* LaunchScreen.storyboard */,
				C301B6091C3D9A1E0020609A /* Info.plist */,
			);
			path = AboutMe;
			sourceTree = "<group>";
		};
		C301B6111C3D9A1E0020609A /* AboutMeTests */ = {
			isa = PBXGroup;
			children = (
				C301B6121C3D9A1E0020609A /* AboutMeTests.swift */,
				C301B6141C3D9A1E0020609A /* Info.plist */,
			);
			path = AboutMeTests;
			sourceTree = "<group>";
		};
		C301B61D1C3D9B420020609A /* Controller */ = {
			isa = PBXGroup;
			children = (
				C301B5FD1C3D9A1E0020609A /* AppDelegate.swift */,
				C301B5FF1C3D9A1E0020609A /* ViewController.swift */,
				C301B61F1C3D9EE90020609A /* FoodViewController.swift */,
				C301B6211C3D9F220020609A /* AnimeViewController.swift */,
				C301B6231C3D9F480020609A /* CardGamesViewConrtroller.swift */,
				C301B6251C3D9FA60020609A /* VideoGamesViewController.swift */,
				C301B6271C3D9FE70020609A /* ChoirViewController.swift */,
			);
			name = Controller;
			sourceTree = "<group>";
		};
		C301B61E1C3D9B640020609A /* View */ = {
			isa = PBXGroup;
			children = (
				C301B6011C3D9A1E0020609A /* Main.storyboard */,
				C301B6041C3D9A1E0020609A /* Assets.xcassets */,
			);
			name = View;
			sourceTree = "<group>";
		};
/* End PBXGroup section */

/* Begin PBXNativeTarget section */
		C301B5F91C3D9A1E0020609A /* AboutMe */ = {
			isa = PBXNativeTarget;
			buildConfigurationList = C301B6171C3D9A1E0020609A /* Build configuration list for PBXNativeTarget "AboutMe" */;
			buildPhases = (
				C301B5F61C3D9A1E0020609A /* Sources */,
				C301B5F71C3D9A1E0020609A /* Frameworks */,
				C301B5F81C3D9A1E0020609A /* Resources */,
			);
			buildRules = (
			);
			dependencies = (
			);
			name = AboutMe;
			productName = AboutMe;
			productReference = C301B5FA1C3D9A1E0020609A /* AboutMe.app */;
			productType = "com.apple.product-type.application";
		};
		C301B60D1C3D9A1E0020609A /* AboutMeTests */ = {
			isa = PBXNativeTarget;
			buildConfigurationList = C301B61A1C3D9A1E0020609A /* Build configuration list for PBXNativeTarget "AboutMeTests" */;
			buildPhases = (
				C301B60A1C3D9A1E0020609A /* Sources */,
				C301B60B1C3D9A1E0020609A /* Frameworks */,
				C301B60C1C3D9A1E0020609A /* Resources */,
			);
			buildRules = (
			);
			dependencies = (
				C301B6101C3D9A1E0020609A /* PBXTargetDependency */,
			);
			name = AboutMeTests;
			productName = AboutMeTests;
			productReference = C301B60E1C3D9A1E0020609A /* AboutMeTests.xctest */;
			productType = "com.apple.product-type.bundle.unit-test";
		};
/* End PBXNativeTarget section */

/* Begin PBXProject section */
		C301B5F21C3D9A1E0020609A /* Project object */ = {
			isa = PBXProject;
			attributes = {
				LastSwiftUpdateCheck = 0720;
				LastUpgradeCheck = 0720;
				ORGANIZATIONNAME = "Baker, Rory";
				TargetAttributes = {
					C301B5F91C3D9A1E0020609A = {
						CreatedOnToolsVersion = 7.2;
					};
					C301B60D1C3D9A1E0020609A = {
						CreatedOnToolsVersion = 7.2;
						TestTargetID = C301B5F91C3D9A1E0020609A;
					};
				};
			};
			buildConfigurationList = C301B5F51C3D9A1E0020609A /* Build configuration list for PBXProject "AboutMe" */;
			compatibilityVersion = "Xcode 3.2";
			developmentRegion = English;
			hasScannedForEncodings = 0;
			knownRegions = (
				en,
				Base,
			);
			mainGroup = C301B5F11C3D9A1E0020609A;
			productRefGroup = C301B5FB1C3D9A1E0020609A /* Products */;
			projectDirPath = "";
			projectRoot = "";
			targets = (
				C301B5F91C3D9A1E0020609A /* AboutMe */,
				C301B60D1C3D9A1E0020609A /* AboutMeTests */,
			);
		};
/* End PBXProject section */

/* Begin PBXResourcesBuildPhase section */
		C301B5F81C3D9A1E0020609A /* Resources */ = {
			isa = PBXResourcesBuildPhase;
			buildActionMask = 2147483647;
			files = (
				C301B6081C3D9A1E0020609A /* LaunchScreen.storyboard in Resources */,
				C301B6051C3D9A1E0020609A /* Assets.xcassets in Resources */,
				C301B6031C3D9A1E0020609A /* Main.storyboard in Resources */,
			);
			runOnlyForDeploymentPostprocessing = 0;
		};
		C301B60C1C3D9A1E0020609A /* Resources */ = {
			isa = PBXResourcesBuildPhase;
			buildActionMask = 2147483647;
			files = (
			);
			runOnlyForDeploymentPostprocessing = 0;
		};
/* End PBXResourcesBuildPhase section */

/* Begin PBXSourcesBuildPhase section */
		C301B5F61C3D9A1E0020609A /* Sources */ = {
			isa = PBXSourcesBuildPhase;
			buildActionMask = 2147483647;
			files = (
				C301B6001C3D9A1E0020609A /* ViewController.swift in Sources */,
				C301B6241C3D9F480020609A /* CardGamesViewConrtroller.swift in Sources */,
				C301B6281C3D9FE70020609A /* ChoirViewController.swift in Sources */,
				C301B6261C3D9FA60020609A /* VideoGamesViewController.swift in Sources */,
				C301B6221C3D9F220020609A /* AnimeViewController.swift in Sources */,
				C301B6201C3D9EE90020609A /* FoodViewController.swift in Sources */,
				C301B5FE1C3D9A1E0020609A /* AppDelegate.swift in Sources */,
			);
			runOnlyForDeploymentPostprocessing = 0;
		};
		C301B60A1C3D9A1E0020609A /* Sources */ = {
			isa = PBXSourcesBuildPhase;
			buildActionMask = 2147483647;
			files = (
				C301B6131C3D9A1E0020609A /* AboutMeTests.swift in Sources */,
			);
			runOnlyForDeploymentPostprocessing = 0;
		};
/* End PBXSourcesBuildPhase section */

/* Begin PBXTargetDependency section */
		C301B6101C3D9A1E0020609A /* PBXTargetDependency */ = {
			isa = PBXTargetDependency;
			target = C301B5F91C3D9A1E0020609A /* AboutMe */;
			targetProxy = C301B60F1C3D9A1E0020609A /* PBXContainerItemProxy */;
		};
/* End PBXTargetDependency section */

/* Begin PBXVariantGroup section */
		C301B6011C3D9A1E0020609A /* Main.storyboard */ = {
			isa = PBXVariantGroup;
			children = (
				C301B6021C3D9A1E0020609A /* Base */,
			);
			name = Main.storyboard;
			sourceTree = "<group>";
		};
		C301B6061C3D9A1E0020609A /* LaunchScreen.storyboard */ = {
			isa = PBXVariantGroup;
			children = (
				C301B6071C3D9A1E0020609A /* Base */,
			);
			name = LaunchScreen.storyboard;
			sourceTree = "<group>";
		};
/* End PBXVariantGroup section */

/* Begin XCBuildConfiguration section */
		C301B6151C3D9A1E0020609A /* Debug */ = {
			isa = XCBuildConfiguration;
			buildSettings = {
				ALWAYS_SEARCH_USER_PATHS = NO;
				CLANG_CXX_LANGUAGE_STANDARD = "gnu++0x";
				CLANG_CXX_LIBRARY = "libc++";
				CLANG_ENABLE_MODULES = YES;
				CLANG_ENABLE_OBJC_ARC = YES;
				CLANG_WARN_BOOL_CONVERSION = YES;
				CLANG_WARN_CONSTANT_CONVERSION = YES;
				CLANG_WARN_DIRECT_OBJC_ISA_USAGE = YES_ERROR;
				CLANG_WARN_EMPTY_BODY = YES;
				CLANG_WARN_ENUM_CONVERSION = YES;
				CLANG_WARN_INT_CONVERSION = YES;
				CLANG_WARN_OBJC_ROOT_CLASS = YES_ERROR;
				CLANG_WARN_UNREACHABLE_CODE = YES;
				CLANG_WARN__DUPLICATE_METHOD_MATCH = YES;
				"CODE_SIGN_IDENTITY[sdk=iphoneos*]" = "iPhone Developer";
				COPY_PHASE_STRIP = NO;
				DEBUG_INFORMATION_FORMAT = dwarf;
				ENABLE_STRICT_OBJC_MSGSEND = YES;
				ENABLE_TESTABILITY = YES;
				GCC_C_LANGUAGE_STANDARD = gnu99;
				GCC_DYNAMIC_NO_PIC = NO;
				GCC_NO_COMMON_BLOCKS = YES;
				GCC_OPTIMIZATION_LEVEL = 0;
				GCC_PREPROCESSOR_DEFINITIONS = (
					"DEBUG=1",
					"$(inherited)",
				);
				GCC_WARN_64_TO_32_BIT_CONVERSION = YES;
				GCC_WARN_ABOUT_RETURN_TYPE = YES_ERROR;
				GCC_WARN_UNDECLARED_SELECTOR = YES;
				GCC_WARN_UNINITIALIZED_AUTOS = YES_AGGRESSIVE;
				GCC_WARN_UNUSED_FUNCTION = YES;
				GCC_WARN_UNUSED_VARIABLE = YES;
				IPHONEOS_DEPLOYMENT_TARGET = 9.2;
				MTL_ENABLE_DEBUG_INFO = YES;
				ONLY_ACTIVE_ARCH = YES;
				SDKROOT = iphoneos;
				SWIFT_OPTIMIZATION_LEVEL = "-Onone";
				TARGETED_DEVICE_FAMILY = "1,2";
			};
			name = Debug;
		};
		C301B6161C3D9A1E0020609A /* Release */ = {
			isa = XCBuildConfiguration;
			buildSettings = {
				ALWAYS_SEARCH_USER_PATHS = NO;
				CLANG_CXX_LANGUAGE_STANDARD = "gnu++0x";
				CLANG_CXX_LIBRARY = "libc++";
				CLANG_ENABLE_MODULES = YES;
				CLANG_ENABLE_OBJC_ARC = YES;
				CLANG_WARN_BOOL_CONVERSION = YES;
				CLANG_WARN_CONSTANT_CONVERSION = YES;
				CLANG_WARN_DIRECT_OBJC_ISA_USAGE = YES_ERROR;
				CLANG_WARN_EMPTY_BODY = YES;
				CLANG_WARN_ENUM_CONVERSION = YES;
				CLANG_WARN_INT_CONVERSION = YES;
				CLANG_WARN_OBJC_ROOT_CLASS = YES_ERROR;
				CLANG_WARN_UNREACHABLE_CODE = YES;
				CLANG_WARN__DUPLICATE_METHOD_MATCH = YES;
				"CODE_SIGN_IDENTITY[sdk=iphoneos*]" = "iPhone Developer";
				COPY_PHASE_STRIP = NO;
				DEBUG_INFORMATION_FORMAT = "dwarf-with-dsym";
				ENABLE_NS_ASSERTIONS = NO;
				ENABLE_STRICT_OBJC_MSGSEND = YES;
				GCC_C_LANGUAGE_STANDARD = gnu99;
				GCC_NO_COMMON_BLOCKS = YES;
				GCC_WARN_64_TO_32_BIT_CONVERSION = YES;
				GCC_WARN_ABOUT_RETURN_TYPE = YES_ERROR;
				GCC_WARN_UNDECLARED_SELECTOR = YES;
				GCC_WARN_UNINITIALIZED_AUTOS = YES_AGGRESSIVE;
				GCC_WARN_UNUSED_FUNCTION = YES;
				GCC_WARN_UNUSED_VARIABLE = YES;
				IPHONEOS_DEPLOYMENT_TARGET = 9.2;
				MTL_ENABLE_DEBUG_INFO = NO;
				SDKROOT = iphoneos;
				TARGETED_DEVICE_FAMILY = "1,2";
				VALIDATE_PRODUCT = YES;
			};
			name = Release;
		};
		C301B6181C3D9A1E0020609A /* Debug */ = {
			isa = XCBuildConfiguration;
			buildSettings = {
				ASSETCATALOG_COMPILER_APPICON_NAME = AppIcon;
				INFOPLIST_FILE = AboutMe/Info.plist;
				IPHONEOS_DEPLOYMENT_TARGET = 9.1;
				LD_RUNPATH_SEARCH_PATHS = "$(inherited) @executable_path/Frameworks";
				PRODUCT_BUNDLE_IDENTIFIER = ctec.AboutMe;
				PRODUCT_NAME = "$(TARGET_NAME)";
				TARGETED_DEVICE_FAMILY = "1,2";
			};
			name = Debug;
		};
		C301B6191C3D9A1E0020609A /* Release */ = {
			isa = XCBuildConfiguration;
			buildSettings = {
				ASSETCATALOG_COMPILER_APPICON_NAME = AppIcon;
				INFOPLIST_FILE = AboutMe/Info.plist;
				IPHONEOS_DEPLOYMENT_TARGET = 9.1;
				LD_RUNPATH_SEARCH_PATHS = "$(inherited) @executable_path/Frameworks";
				PRODUCT_BUNDLE_IDENTIFIER = ctec.AboutMe;
				PRODUCT_NAME = "$(TARGET_NAME)";
				TARGETED_DEVICE_FAMILY = "1,2";
			};
			name = Release;
		};
		C301B61B1C3D9A1E0020609A /* Debug */ = {
			isa = XCBuildConfiguration;
			buildSettings = {
				BUNDLE_LOADER = "$(TEST_HOST)";
				INFOPLIST_FILE = AboutMeTests/Info.plist;
				LD_RUNPATH_SEARCH_PATHS = "$(inherited) @executable_path/Frameworks @loader_path/Frameworks";
				PRODUCT_BUNDLE_IDENTIFIER = ctec.AboutMeTests;
				PRODUCT_NAME = "$(TARGET_NAME)";
				TEST_HOST = "$(BUILT_PRODUCTS_DIR)/AboutMe.app/AboutMe";
			};
			name = Debug;
		};
		C301B61C1C3D9A1E0020609A /* Release */ = {
			isa = XCBuildConfiguration;
			buildSettings = {
				BUNDLE_LOADER = "$(TEST_HOST)";
				INFOPLIST_FILE = AboutMeTests/Info.plist;
				LD_RUNPATH_SEARCH_PATHS = "$(inherited) @executable_path/Frameworks @loader_path/Frameworks";
				PRODUCT_BUNDLE_IDENTIFIER = ctec.AboutMeTests;
				PRODUCT_NAME = "$(TARGET_NAME)";
				TEST_HOST = "$(BUILT_PRODUCTS_DIR)/AboutMe.app/AboutMe";
			};
			name = Release;
		};
/* End XCBuildConfiguration section */

/* Begin XCConfigurationList section */
		C301B5F51C3D9A1E0020609A /* Build configuration list for PBXProject "AboutMe" */ = {
			isa = XCConfigurationList;
			buildConfigurations = (
				C301B6151C3D9A1E0020609A /* Debug */,
				C301B6161C3D9A1E0020609A /* Release */,
			);
			defaultConfigurationIsVisible = 0;
			defaultConfigurationName = Release;
		};
		C301B6171C3D9A1E0020609A /* Build configuration list for PBXNativeTarget "AboutMe" */ = {
			isa = XCConfigurationList;
			buildConfigurations = (
				C301B6181C3D9A1E0020609A /* Debug */,
				C301B6191C3D9A1E0020609A /* Release */,
			);
			defaultConfigurationIsVisible = 0;
			defaultConfigurationName = Release;
		};
		C301B61A1C3D9A1E0020609A /* Build configuration list for PBXNativeTarget "AboutMeTests" */ = {
			isa = XCConfigurationList;
			buildConfigurations = (
				C301B61B1C3D9A1E0020609A /* Debug */,
				C301B61C1C3D9A1E0020609A /* Release */,
			);
			defaultConfigurationIsVisible = 0;
			defaultConfigurationName = Release;
		};
/* End XCConfigurationList section */
	};
	rootObject = C301B5F21C3D9A1E0020609A /* Project object */;
}
